<<<<<<< HEAD
﻿
Microsoft Visual Studio Solution File, Format Version 12.00
# Visual Studio Version 17
VisualStudioVersion = 17.13.35919.96 d17.13
MinimumVisualStudioVersion = 10.0.40219.1
Project("{FAE04EC0-301F-11D3-BF4B-00C04F79EFBC}") = "Programa_gerenciador", "Programa_gerenciador\Programa_gerenciador.csproj", "{05A4E2B5-F2D5-41C7-9C84-44EBB5327825}"
EndProject
Global
	GlobalSection(SolutionConfigurationPlatforms) = preSolution
		Debug|Any CPU = Debug|Any CPU
		Release|Any CPU = Release|Any CPU
	EndGlobalSection
	GlobalSection(ProjectConfigurationPlatforms) = postSolution
		{05A4E2B5-F2D5-41C7-9C84-44EBB5327825}.Debug|Any CPU.ActiveCfg = Debug|Any CPU
		{05A4E2B5-F2D5-41C7-9C84-44EBB5327825}.Debug|Any CPU.Build.0 = Debug|Any CPU
		{05A4E2B5-F2D5-41C7-9C84-44EBB5327825}.Release|Any CPU.ActiveCfg = Release|Any CPU
		{05A4E2B5-F2D5-41C7-9C84-44EBB5327825}.Release|Any CPU.Build.0 = Release|Any CPU
	EndGlobalSection
	GlobalSection(SolutionProperties) = preSolution
		HideSolutionNode = FALSE
	EndGlobalSection
	GlobalSection(ExtensibilityGlobals) = postSolution
		SolutionGuid = {740A28B6-C75C-444C-8DAF-4F848F83A502}
	EndGlobalSection
EndGlobal
=======
﻿
Microsoft Visual Studio Solution File, Format Version 12.00
# Visual Studio Version 17
VisualStudioVersion = 17.13.35919.96 d17.13
MinimumVisualStudioVersion = 10.0.40219.1
Project("{FAE04EC0-301F-11D3-BF4B-00C04F79EFBC}") = "Programa_gerenciador", "Programa_gerenciador\Programa_gerenciador.csproj", "{05A4E2B5-F2D5-41C7-9C84-44EBB5327825}"
EndProject
Global
	GlobalSection(SolutionConfigurationPlatforms) = preSolution
		Debug|Any CPU = Debug|Any CPU
		Release|Any CPU = Release|Any CPU
	EndGlobalSection
	GlobalSection(ProjectConfigurationPlatforms) = postSolution
		{05A4E2B5-F2D5-41C7-9C84-44EBB5327825}.Debug|Any CPU.ActiveCfg = Debug|Any CPU
		{05A4E2B5-F2D5-41C7-9C84-44EBB5327825}.Debug|Any CPU.Build.0 = Debug|Any CPU
		{05A4E2B5-F2D5-41C7-9C84-44EBB5327825}.Release|Any CPU.ActiveCfg = Release|Any CPU
		{05A4E2B5-F2D5-41C7-9C84-44EBB5327825}.Release|Any CPU.Build.0 = Release|Any CPU
	EndGlobalSection
	GlobalSection(SolutionProperties) = preSolution
		HideSolutionNode = FALSE
	EndGlobalSection
	GlobalSection(ExtensibilityGlobals) = postSolution
		SolutionGuid = {740A28B6-C75C-444C-8DAF-4F848F83A502}
	EndGlobalSection
EndGlobal
>>>>>>> 017b7161c194c748c0a04e9c9d45911dec29ffa5
