
Microsoft Visual Studio Solution File, Format Version 12.00
# Visual Studio Version 17
VisualStudioVersion = 17.14.36127.28 d17.14
MinimumVisualStudioVersion = 10.0.40219.1
Project("{FAE04EC0-301F-11D3-BF4B-00C04F79EFBC}") = "Programa_gerenciador_DLL", "Programa_gerenciador_DLL\Programa_gerenciador_DLL.csproj", "{9E2D3A59-67A5-4532-931F-DAFEAFCDD54E}"
EndProject
Global
	GlobalSection(SolutionConfigurationPlatforms) = preSolution
		Debug|Any CPU = Debug|Any CPU
		Release|Any CPU = Release|Any CPU
	EndGlobalSection
	GlobalSection(ProjectConfigurationPlatforms) = postSolution
		{9E2D3A59-67A5-4532-931F-DAFEAFCDD54E}.Debug|Any CPU.ActiveCfg = Debug|Any CPU
		{9E2D3A59-67A5-4532-931F-DAFEAFCDD54E}.Debug|Any CPU.Build.0 = Debug|Any CPU
		{9E2D3A59-67A5-4532-931F-DAFEAFCDD54E}.Release|Any CPU.ActiveCfg = Release|Any CPU
		{9E2D3A59-67A5-4532-931F-DAFEAFCDD54E}.Release|Any CPU.Build.0 = Release|Any CPU
	EndGlobalSection
	GlobalSection(SolutionProperties) = preSolution
		HideSolutionNode = FALSE
	EndGlobalSection
	GlobalSection(ExtensibilityGlobals) = postSolution
		SolutionGuid = {9962ECA4-F867-4C5F-8188-2FE8986C7480}
	EndGlobalSection
EndGlobal
